
Microsoft Visual Studio Solution File, Format Version 12.00
# Visual Studio Version 16
VisualStudioVersion = 16.0.31025.194
MinimumVisualStudioVersion = 10.0.40219.1
Project("{FAE04EC0-301F-11D3-BF4B-00C04F79EFBC}") = "GyroSmooth", "GyroSmooth\GyroSmooth.csproj", "{94F691A5-57E7-4BB9-8DEC-7F7F2C1D55A1}"
EndProject
Global
	GlobalSection(SolutionConfigurationPlatforms) = preSolution
		Debug|Any CPU = Debug|Any CPU
		Release|Any CPU = Release|Any CPU
	EndGlobalSection
	GlobalSection(ProjectConfigurationPlatforms) = postSolution
		{94F691A5-57E7-4BB9-8DEC-7F7F2C1D55A1}.Debug|Any CPU.ActiveCfg = Debug|Any CPU
		{94F691A5-57E7-4BB9-8DEC-7F7F2C1D55A1}.Debug|Any CPU.Build.0 = Debug|Any CPU
		{94F691A5-57E7-4BB9-8DEC-7F7F2C1D55A1}.Release|Any CPU.ActiveCfg = Release|Any CPU
		{94F691A5-57E7-4BB9-8DEC-7F7F2C1D55A1}.Release|Any CPU.Build.0 = Release|Any CPU
	EndGlobalSection
	GlobalSection(SolutionProperties) = preSolution
		HideSolutionNode = FALSE
	EndGlobalSection
	GlobalSection(ExtensibilityGlobals) = postSolution
		SolutionGuid = {5AF30DA4-B3EC-40CD-BACA-3E03D638CEE2}
	EndGlobalSection
EndGlobal
